
Microsoft Visual Studio Solution File, Format Version 12.00
# Visual Studio Version 17
VisualStudioVersion = 17.0.31903.59
MinimumVisualStudioVersion = 10.0.40219.1
Project("{FAE04EC0-301F-11D3-BF4B-00C04F79EFBC}") = "TiredOwl.Domain.Test", "TiredOwl.Domain.Test\TiredOwl.Domain.Test.csproj", "{0BEB2555-4951-4EF2-8F22-1C09CCB9B940}"
EndProject
Project("{FAE04EC0-301F-11D3-BF4B-00C04F79EFBC}") = "TiredOwl.Domain", "TiredOwl.Domain\TiredOwl.Domain.csproj", "{7B398B84-3FC1-45E5-8BB9-086814DF89F1}"
EndProject
Global
	GlobalSection(SolutionConfigurationPlatforms) = preSolution
		Debug|Any CPU = Debug|Any CPU
		Release|Any CPU = Release|Any CPU
	EndGlobalSection
	GlobalSection(ProjectConfigurationPlatforms) = postSolution
		{0BEB2555-4951-4EF2-8F22-1C09CCB9B940}.Debug|Any CPU.ActiveCfg = Debug|Any CPU
		{0BEB2555-4951-4EF2-8F22-1C09CCB9B940}.Debug|Any CPU.Build.0 = Debug|Any CPU
		{0BEB2555-4951-4EF2-8F22-1C09CCB9B940}.Release|Any CPU.ActiveCfg = Release|Any CPU
		{0BEB2555-4951-4EF2-8F22-1C09CCB9B940}.Release|Any CPU.Build.0 = Release|Any CPU
		{7B398B84-3FC1-45E5-8BB9-086814DF89F1}.Debug|Any CPU.ActiveCfg = Debug|Any CPU
		{7B398B84-3FC1-45E5-8BB9-086814DF89F1}.Debug|Any CPU.Build.0 = Debug|Any CPU
		{7B398B84-3FC1-45E5-8BB9-086814DF89F1}.Release|Any CPU.ActiveCfg = Release|Any CPU
		{7B398B84-3FC1-45E5-8BB9-086814DF89F1}.Release|Any CPU.Build.0 = Release|Any CPU
	EndGlobalSection
	GlobalSection(SolutionProperties) = preSolution
		HideSolutionNode = FALSE
	EndGlobalSection
	GlobalSection(ExtensibilityGlobals) = postSolution
		SolutionGuid = {716216A7-62E5-4690-AD71-42DDA5BA9D09}
	EndGlobalSection
EndGlobal
